// !$*UTF8*$!
{
	archiveVersion = 1;
	classes = {
	};
	objectVersion = 77;
	objects = {

/* Begin PBXBuildFile section */
		95141FFB2F4E45500046886B /* Auth in Frameworks */ = {isa = PBXBuildFile; productRef = 95141FFA2F4E45500046886B /* Auth */; };
		95141FFD2F4E45500046886B /* Functions in Frameworks */ = {isa = PBXBuildFile; productRef = 95141FFC2F4E45500046886B /* Functions */; };
		95C5A5A02F61000100C0D3A1 /* ScoutDesign in Frameworks */ = {isa = PBXBuildFile; productRef = 95C5A59F2F61000100C0D3A1 /* ScoutDesign */; };
		9580C96C2F4E463B00093095 /* Supabase in Frameworks */ = {isa = PBXBuildFile; productRef = 9580C96B2F4E463B00093095 /* Supabase */; };
/* End PBXBuildFile section */

/* Begin PBXContainerItemProxy section */
		954A49212F47530800BFAC10 /* PBXContainerItemProxy */ = {
			isa = PBXContainerItemProxy;
			containerPortal = 954A490B2F47530800BFAC10 /* Project object */;
			proxyType = 1;
			remoteGlobalIDString = 954A49122F47530800BFAC10;
			remoteInfo = Scout;
		};
		954A492B2F47530800BFAC10 /* PBXContainerItemProxy */ = {
			isa = PBXContainerItemProxy;
			containerPortal = 954A490B2F47530800BFAC10 /* Project object */;
			proxyType = 1;
			remoteGlobalIDString = 954A49122F47530800BFAC10;
			remoteInfo = Scout;
		};
/* End PBXContainerItemProxy section */

/* Begin PBXFileReference section */
		954A49132F47530800BFAC10 /* Scout.app */ = {isa = PBXFileReference; explicitFileType = wrapper.application; includeInIndex = 0; path = Scout.app; sourceTree = BUILT_PRODUCTS_DIR; };
		954A49202F47530800BFAC10 /* ScoutTests.xctest */ = {isa = PBXFileReference; explicitFileType = wrapper.cfbundle; includeInIndex = 0; path = ScoutTests.xctest; sourceTree = BUILT_PRODUCTS_DIR; };
		954A492A2F47530800BFAC10 /* ScoutUITests.xctest */ = {isa = PBXFileReference; explicitFileType = wrapper.cfbundle; includeInIndex = 0; path = ScoutUITests.xctest; sourceTree = BUILT_PRODUCTS_DIR; };
/* End PBXFileReference section */

/* Begin PBXFileSystemSynchronizedBuildFileExceptionSet section */
		9580CA592F50D02700093095 /* Exceptions for "Scout" folder in "Scout" target */ = {
			isa = PBXFileSystemSynchronizedBuildFileExceptionSet;
			membershipExceptions = (
				Info.plist,
			);
			target = 954A49122F47530800BFAC10 /* Scout */;
		};
		9595DE492F5609E7002946A6 /* Exceptions for "ScoutTests" folder in "Scout" target */ = {
			isa = PBXFileSystemSynchronizedBuildFileExceptionSet;
			membershipExceptions = (
				Data/ProfileDTOTests.swift,
				Profile/ProfileBuilderViewModelTests.swift,
				ScoutTests.swift,
				Session/SessionStoreTests.swift,
			);
			target = 954A49122F47530800BFAC10 /* Scout */;
		};
		9595DE4A2F5609E7002946A6 /* Exceptions for "ScoutTests" folder in "ScoutTests" target */ = {
			isa = PBXFileSystemSynchronizedBuildFileExceptionSet;
			membershipExceptions = (
				Data/ProfileDTOTests.swift,
				Profile/ProfileBuilderViewModelTests.swift,
				ScoutTests.swift,
				Session/SessionStoreTests.swift,
			);
			target = 954A491F2F47530800BFAC10 /* ScoutTests */;
		};
/* End PBXFileSystemSynchronizedBuildFileExceptionSet section */

/* Begin PBXFileSystemSynchronizedRootGroup section */
		954A49152F47530800BFAC10 /* Scout */ = {
			isa = PBXFileSystemSynchronizedRootGroup;
			exceptions = (
				9580CA592F50D02700093095 /* Exceptions for "Scout" folder in "Scout" target */,
			);
			path = Scout;
			sourceTree = "<group>";
		};
		954A492D2F47530800BFAC10 /* ScoutUITests */ = {
			isa = PBXFileSystemSynchronizedRootGroup;
			path = ScoutUITests;
			sourceTree = "<group>";
		};
		9595DE472F5609E7002946A6 /* ScoutTests */ = {
			isa = PBXFileSystemSynchronizedRootGroup;
			exceptions = (
				9595DE492F5609E7002946A6 /* Exceptions for "ScoutTests" folder in "Scout" target */,
				9595DE4A2F5609E7002946A6 /* Exceptions for "ScoutTests" folder in "ScoutTests" target */,
			);
			path = ScoutTests;
			sourceTree = "<group>";
		};
/* End PBXFileSystemSynchronizedRootGroup section */

/* Begin PBXFrameworksBuildPhase section */
		954A49102F47530800BFAC10 /* Frameworks */ = {
			isa = PBXFrameworksBuildPhase;
			buildActionMask = 2147483647;
			files = (
				95141FFD2F4E45500046886B /* Functions in Frameworks */,
				95141FFB2F4E45500046886B /* Auth in Frameworks */,
				95C5A5A02F61000100C0D3A1 /* ScoutDesign in Frameworks */,
				9580C96C2F4E463B00093095 /* Supabase in Frameworks */,
			);
			runOnlyForDeploymentPostprocessing = 0;
		};
		954A491D2F47530800BFAC10 /* Frameworks */ = {
			isa = PBXFrameworksBuildPhase;
			buildActionMask = 2147483647;
			files = (
			);
			runOnlyForDeploymentPostprocessing = 0;
		};
		954A49272F47530800BFAC10 /* Frameworks */ = {
			isa = PBXFrameworksBuildPhase;
			buildActionMask = 2147483647;
			files = (
			);
			runOnlyForDeploymentPostprocessing = 0;
		};
/* End PBXFrameworksBuildPhase section */

/* Begin PBXGroup section */
		954A490A2F47530800BFAC10 = {
			isa = PBXGroup;
			children = (
				954A49152F47530800BFAC10 /* Scout */,
				9595DE472F5609E7002946A6 /* ScoutTests */,
				954A492D2F47530800BFAC10 /* ScoutUITests */,
				9580C96A2F4E463B00093095 /* Frameworks */,
				954A49142F47530800BFAC10 /* Products */,
			);
			sourceTree = "<group>";
		};
		954A49142F47530800BFAC10 /* Products */ = {
			isa = PBXGroup;
			children = (
				954A49132F47530800BFAC10 /* Scout.app */,
				954A49202F47530800BFAC10 /* ScoutTests.xctest */,
				954A492A2F47530800BFAC10 /* ScoutUITests.xctest */,
			);
			name = Products;
			sourceTree = "<group>";
		};
		9580C96A2F4E463B00093095 /* Frameworks */ = {
			isa = PBXGroup;
			children = (
			);
			name = Frameworks;
			sourceTree = "<group>";
		};
/* End PBXGroup section */

/* Begin PBXNativeTarget section */
		954A49122F47530800BFAC10 /* Scout */ = {
			isa = PBXNativeTarget;
			buildConfigurationList = 954A49342F47530800BFAC10 /* Build configuration list for PBXNativeTarget "Scout" */;
			buildPhases = (
				954A490F2F47530800BFAC10 /* Sources */,
				954A49102F47530800BFAC10 /* Frameworks */,
				954A49112F47530800BFAC10 /* Resources */,
			);
			buildRules = (
			);
			dependencies = (
			);
			fileSystemSynchronizedGroups = (
				954A49152F47530800BFAC10 /* Scout */,
				9595DE472F5609E7002946A6 /* ScoutTests */,
			);
			name = Scout;
			packageProductDependencies = (
				95141FFA2F4E45500046886B /* Auth */,
				95141FFC2F4E45500046886B /* Functions */,
				95C5A59F2F61000100C0D3A1 /* ScoutDesign */,
				9580C96B2F4E463B00093095 /* Supabase */,
			);
			productName = Scout;
			productReference = 954A49132F47530800BFAC10 /* Scout.app */;
			productType = "com.apple.product-type.application";
		};
		954A491F2F47530800BFAC10 /* ScoutTests */ = {
			isa = PBXNativeTarget;
			buildConfigurationList = 954A49372F47530800BFAC10 /* Build configuration list for PBXNativeTarget "ScoutTests" */;
			buildPhases = (
				954A491C2F47530800BFAC10 /* Sources */,
				954A491D2F47530800BFAC10 /* Frameworks */,
				954A491E2F47530800BFAC10 /* Resources */,
			);
			buildRules = (
			);
			dependencies = (
				954A49222F47530800BFAC10 /* PBXTargetDependency */,
			);
			name = ScoutTests;
			packageProductDependencies = (
			);
			productName = ScoutTests;
			productReference = 954A49202F47530800BFAC10 /* ScoutTests.xctest */;
			productType = "com.apple.product-type.bundle.unit-test";
		};
		954A49292F47530800BFAC10 /* ScoutUITests */ = {
			isa = PBXNativeTarget;
			buildConfigurationList = 954A493A2F47530800BFAC10 /* Build configuration list for PBXNativeTarget "ScoutUITests" */;
			buildPhases = (
				954A49262F47530800BFAC10 /* Sources */,
				954A49272F47530800BFAC10 /* Frameworks */,
				954A49282F47530800BFAC10 /* Resources */,
			);
			buildRules = (
			);
			dependencies = (
				954A492C2F47530800BFAC10 /* PBXTargetDependency */,
			);
			fileSystemSynchronizedGroups = (
				954A492D2F47530800BFAC10 /* ScoutUITests */,
			);
			name = ScoutUITests;
			packageProductDependencies = (
			);
			productName = ScoutUITests;
			productReference = 954A492A2F47530800BFAC10 /* ScoutUITests.xctest */;
			productType = "com.apple.product-type.bundle.ui-testing";
		};
/* End PBXNativeTarget section */

/* Begin PBXProject section */
		954A490B2F47530800BFAC10 /* Project object */ = {
			isa = PBXProject;
			attributes = {
				BuildIndependentTargetsInParallel = 1;
				LastSwiftUpdateCheck = 2610;
				LastUpgradeCheck = 2610;
				TargetAttributes = {
					954A49122F47530800BFAC10 = {
						CreatedOnToolsVersion = 26.1;
					};
					954A491F2F47530800BFAC10 = {
						CreatedOnToolsVersion = 26.1;
						TestTargetID = 954A49122F47530800BFAC10;
					};
					954A49292F47530800BFAC10 = {
						CreatedOnToolsVersion = 26.1;
						TestTargetID = 954A49122F47530800BFAC10;
					};
				};
			};
			buildConfigurationList = 954A490E2F47530800BFAC10 /* Build configuration list for PBXProject "Scout" */;
			developmentRegion = en;
			hasScannedForEncodings = 0;
			knownRegions = (
				en,
				Base,
			);
			mainGroup = 954A490A2F47530800BFAC10;
			minimizedProjectReferenceProxies = 1;
			packageReferences = (
				95141FF92F4E45500046886B /* XCRemoteSwiftPackageReference "supabase-swift" */,
				95C5A59E2F61000100C0D3A1 /* XCLocalSwiftPackageReference "ScoutDesign" */,
			);
			preferredProjectObjectVersion = 77;
			productRefGroup = 954A49142F47530800BFAC10 /* Products */;
			projectDirPath = "";
			projectRoot = "";
			targets = (
				954A49122F47530800BFAC10 /* Scout */,
				954A491F2F47530800BFAC10 /* ScoutTests */,
				954A49292F47530800BFAC10 /* ScoutUITests */,
			);
		};
/* End PBXProject section */

/* Begin PBXResourcesBuildPhase section */
		954A49112F47530800BFAC10 /* Resources */ = {
			isa = PBXResourcesBuildPhase;
			buildActionMask = 2147483647;
			files = (
			);
			runOnlyForDeploymentPostprocessing = 0;
		};
		954A491E2F47530800BFAC10 /* Resources */ = {
			isa = PBXResourcesBuildPhase;
			buildActionMask = 2147483647;
			files = (
			);
			runOnlyForDeploymentPostprocessing = 0;
		};
		954A49282F47530800BFAC10 /* Resources */ = {
			isa = PBXResourcesBuildPhase;
			buildActionMask = 2147483647;
			files = (
			);
			runOnlyForDeploymentPostprocessing = 0;
		};
/* End PBXResourcesBuildPhase section */

/* Begin PBXSourcesBuildPhase section */
		954A490F2F47530800BFAC10 /* Sources */ = {
			isa = PBXSourcesBuildPhase;
			buildActionMask = 2147483647;
			files = (
			);
			runOnlyForDeploymentPostprocessing = 0;
		};
		954A491C2F47530800BFAC10 /* Sources */ = {
			isa = PBXSourcesBuildPhase;
			buildActionMask = 2147483647;
			files = (
			);
			runOnlyForDeploymentPostprocessing = 0;
		};
		954A49262F47530800BFAC10 /* Sources */ = {
			isa = PBXSourcesBuildPhase;
			buildActionMask = 2147483647;
			files = (
			);
			runOnlyForDeploymentPostprocessing = 0;
		};
/* End PBXSourcesBuildPhase section */

/* Begin PBXTargetDependency section */
		954A49222F47530800BFAC10 /* PBXTargetDependency */ = {
			isa = PBXTargetDependency;
			target = 954A49122F47530800BFAC10 /* Scout */;
			targetProxy = 954A49212F47530800BFAC10 /* PBXContainerItemProxy */;
		};
		954A492C2F47530800BFAC10 /* PBXTargetDependency */ = {
			isa = PBXTargetDependency;
			target = 954A49122F47530800BFAC10 /* Scout */;
			targetProxy = 954A492B2F47530800BFAC10 /* PBXContainerItemProxy */;
		};
/* End PBXTargetDependency section */

/* Begin XCBuildConfiguration section */
		954A49322F47530800BFAC10 /* Debug */ = {
			isa = XCBuildConfiguration;
			baseConfigurationReferenceAnchor = 954A49152F47530800BFAC10 /* Scout */;
			baseConfigurationReferenceRelativePath = Debug.xcconfig;
			buildSettings = {
				ALWAYS_SEARCH_USER_PATHS = NO;
				ASSETCATALOG_COMPILER_GENERATE_SWIFT_ASSET_SYMBOL_EXTENSIONS = YES;
				CLANG_ANALYZER_NONNULL = YES;
				CLANG_ANALYZER_NUMBER_OBJECT_CONVERSION = YES_AGGRESSIVE;
				CLANG_CXX_LANGUAGE_STANDARD = "gnu++20";
				CLANG_ENABLE_MODULES = YES;
				CLANG_ENABLE_OBJC_ARC = YES;
				CLANG_ENABLE_OBJC_WEAK = YES;
				CLANG_WARN_BLOCK_CAPTURE_AUTORELEASING = YES;
				CLANG_WARN_BOOL_CONVERSION = YES;
				CLANG_WARN_COMMA = YES;
				CLANG_WARN_CONSTANT_CONVERSION = YES;
				CLANG_WARN_DEPRECATED_OBJC_IMPLEMENTATIONS = YES;
				CLANG_WARN_DIRECT_OBJC_ISA_USAGE = YES_ERROR;
				CLANG_WARN_DOCUMENTATION_COMMENTS = YES;
				CLANG_WARN_EMPTY_BODY = YES;
				CLANG_WARN_ENUM_CONVERSION = YES;
				CLANG_WARN_INFINITE_RECURSION = YES;
				CLANG_WARN_INT_CONVERSION = YES;
				CLANG_WARN_NON_LITERAL_NULL_CONVERSION = YES;
				CLANG_WARN_OBJC_IMPLICIT_RETAIN_SELF = YES;
				CLANG_WARN_OBJC_LITERAL_CONVERSION = YES;
				CLANG_WARN_OBJC_ROOT_CLASS = YES_ERROR;
				CLANG_WARN_QUOTED_INCLUDE_IN_FRAMEWORK_HEADER = YES;
				CLANG_WARN_RANGE_LOOP_ANALYSIS = YES;
				CLANG_WARN_STRICT_PROTOTYPES = YES;
				CLANG_WARN_SUSPICIOUS_MOVE = YES;
				CLANG_WARN_UNGUARDED_AVAILABILITY = YES_AGGRESSIVE;
				CLANG_WARN_UNREACHABLE_CODE = YES;
				CLANG_WARN__DUPLICATE_METHOD_MATCH = YES;
				COPY_PHASE_STRIP = NO;
				DEBUG_INFORMATION_FORMAT = dwarf;
				DEVELOPMENT_TEAM = QTSJFA7Y7P;
				ENABLE_STRICT_OBJC_MSGSEND = YES;
				ENABLE_TESTABILITY = YES;
				ENABLE_USER_SCRIPT_SANDBOXING = YES;
				GCC_C_LANGUAGE_STANDARD = gnu17;
				GCC_DYNAMIC_NO_PIC = NO;
				GCC_NO_COMMON_BLOCKS = YES;
				GCC_OPTIMIZATION_LEVEL = 0;
				GCC_PREPROCESSOR_DEFINITIONS = (
					"DEBUG=1",
					"$(inherited)",
				);
				GCC_WARN_64_TO_32_BIT_CONVERSION = YES;
				GCC_WARN_ABOUT_RETURN_TYPE = YES_ERROR;
				GCC_WARN_UNDECLARED_SELECTOR = YES;
				GCC_WARN_UNINITIALIZED_AUTOS = YES_AGGRESSIVE;
				GCC_WARN_UNUSED_FUNCTION = YES;
				GCC_WARN_UNUSED_VARIABLE = YES;
				IPHONEOS_DEPLOYMENT_TARGET = 26.1;
				LOCALIZATION_PREFERS_STRING_CATALOGS = YES;
				MTL_ENABLE_DEBUG_INFO = INCLUDE_SOURCE;
				MTL_FAST_MATH = YES;
				ONLY_ACTIVE_ARCH = YES;
				SDKROOT = iphoneos;
				SWIFT_ACTIVE_COMPILATION_CONDITIONS = "DEBUG $(inherited)";
				SWIFT_OPTIMIZATION_LEVEL = "-Onone";
			};
			name = Debug;
		};
		954A49332F47530800BFAC10 /* Release */ = {
			isa = XCBuildConfiguration;
			baseConfigurationReferenceAnchor = 954A49152F47530800BFAC10 /* Scout */;
			baseConfigurationReferenceRelativePath = Release.xcconfig;
			buildSettings = {
				ALWAYS_SEARCH_USER_PATHS = NO;
				ASSETCATALOG_COMPILER_GENERATE_SWIFT_ASSET_SYMBOL_EXTENSIONS = YES;
				CLANG_ANALYZER_NONNULL = YES;
				CLANG_ANALYZER_NUMBER_OBJECT_CONVERSION = YES_AGGRESSIVE;
				CLANG_CXX_LANGUAGE_STANDARD = "gnu++20";
				CLANG_ENABLE_MODULES = YES;
				CLANG_ENABLE_OBJC_ARC = YES;
				CLANG_ENABLE_OBJC_WEAK = YES;
				CLANG_WARN_BLOCK_CAPTURE_AUTORELEASING = YES;
				CLANG_WARN_BOOL_CONVERSION = YES;
				CLANG_WARN_COMMA = YES;
				CLANG_WARN_CONSTANT_CONVERSION = YES;
				CLANG_WARN_DEPRECATED_OBJC_IMPLEMENTATIONS = YES;
				CLANG_WARN_DIRECT_OBJC_ISA_USAGE = YES_ERROR;
				CLANG_WARN_DOCUMENTATION_COMMENTS = YES;
				CLANG_WARN_EMPTY_BODY = YES;
				CLANG_WARN_ENUM_CONVERSION = YES;
				CLANG_WARN_INFINITE_RECURSION = YES;
				CLANG_WARN_INT_CONVERSION = YES;
				CLANG_WARN_NON_LITERAL_NULL_CONVERSION = YES;
				CLANG_WARN_OBJC_IMPLICIT_RETAIN_SELF = YES;
				CLANG_WARN_OBJC_LITERAL_CONVERSION = YES;
				CLANG_WARN_OBJC_ROOT_CLASS = YES_ERROR;
				CLANG_WARN_QUOTED_INCLUDE_IN_FRAMEWORK_HEADER = YES;
				CLANG_WARN_RANGE_LOOP_ANALYSIS = YES;
				CLANG_WARN_STRICT_PROTOTYPES = YES;
				CLANG_WARN_SUSPICIOUS_MOVE = YES;
				CLANG_WARN_UNGUARDED_AVAILABILITY = YES_AGGRESSIVE;
				CLANG_WARN_UNREACHABLE_CODE = YES;
				CLANG_WARN__DUPLICATE_METHOD_MATCH = YES;
				COPY_PHASE_STRIP = NO;
				DEBUG_INFORMATION_FORMAT = "dwarf-with-dsym";
				DEVELOPMENT_TEAM = QTSJFA7Y7P;
				ENABLE_NS_ASSERTIONS = NO;
				ENABLE_STRICT_OBJC_MSGSEND = YES;
				ENABLE_USER_SCRIPT_SANDBOXING = YES;
				GCC_C_LANGUAGE_STANDARD = gnu17;
				GCC_NO_COMMON_BLOCKS = YES;
				GCC_WARN_64_TO_32_BIT_CONVERSION = YES;
				GCC_WARN_ABOUT_RETURN_TYPE = YES_ERROR;
				GCC_WARN_UNDECLARED_SELECTOR = YES;
				GCC_WARN_UNINITIALIZED_AUTOS = YES_AGGRESSIVE;
				GCC_WARN_UNUSED_FUNCTION = YES;
				GCC_WARN_UNUSED_VARIABLE = YES;
				IPHONEOS_DEPLOYMENT_TARGET = 26.1;
				LOCALIZATION_PREFERS_STRING_CATALOGS = YES;
				MTL_ENABLE_DEBUG_INFO = NO;
				MTL_FAST_MATH = YES;
				SDKROOT = iphoneos;
				SWIFT_COMPILATION_MODE = wholemodule;
				VALIDATE_PRODUCT = YES;
			};
			name = Release;
		};
		954A49352F47530800BFAC10 /* Debug */ = {
			isa = XCBuildConfiguration;
			baseConfigurationReferenceAnchor = 954A49152F47530800BFAC10 /* Scout */;
			baseConfigurationReferenceRelativePath = Debug.xcconfig;
			buildSettings = {
				ASSETCATALOG_COMPILER_APPICON_NAME = AppIcon;
				ASSETCATALOG_COMPILER_GLOBAL_ACCENT_COLOR_NAME = AccentColor;
				CODE_SIGN_STYLE = Automatic;
				CURRENT_PROJECT_VERSION = 1;
				DEVELOPMENT_TEAM = QTSJFA7Y7P;
				ENABLE_PREVIEWS = YES;
				GENERATE_INFOPLIST_FILE = YES;
				INFOPLIST_FILE = Scout/Info.plist;
				INFOPLIST_KEY_NSLocationWhenInUseUsageDescription = "Scout uses your location to show nearby players and suggest meet-up spots.";
				INFOPLIST_KEY_UIApplicationSceneManifest_Generation = YES;
				INFOPLIST_KEY_UIApplicationSupportsIndirectInputEvents = YES;
				INFOPLIST_KEY_UILaunchScreen_Generation = YES;
				INFOPLIST_KEY_UISupportedInterfaceOrientations_iPad = "UIInterfaceOrientationPortrait UIInterfaceOrientationPortraitUpsideDown UIInterfaceOrientationLandscapeLeft UIInterfaceOrientationLandscapeRight";
				INFOPLIST_KEY_UISupportedInterfaceOrientations_iPhone = "UIInterfaceOrientationPortrait UIInterfaceOrientationLandscapeLeft UIInterfaceOrientationLandscapeRight";
				LD_RUNPATH_SEARCH_PATHS = (
					"$(inherited)",
					"@executable_path/Frameworks",
				);
				MARKETING_VERSION = 1.0;
				PRODUCT_BUNDLE_IDENTIFIER = RCL.Scout;
				PRODUCT_NAME = "$(TARGET_NAME)";
				STRING_CATALOG_GENERATE_SYMBOLS = YES;
				SWIFT_APPROACHABLE_CONCURRENCY = YES;
				SWIFT_DEFAULT_ACTOR_ISOLATION = MainActor;
				SWIFT_EMIT_LOC_STRINGS = YES;
				SWIFT_STRICT_CONCURRENCY = complete;
				SWIFT_UPCOMING_FEATURE_MEMBER_IMPORT_VISIBILITY = YES;
				SWIFT_VERSION = 6.0;
				TARGETED_DEVICE_FAMILY = "1,2";
			};
			name = Debug;
		};
		954A49362F47530800BFAC10 /* Release */ = {
			isa = XCBuildConfiguration;
			baseConfigurationReferenceAnchor = 954A49152F47530800BFAC10 /* Scout */;
			baseConfigurationReferenceRelativePath = Release.xcconfig;
			buildSettings = {
				ASSETCATALOG_COMPILER_APPICON_NAME = AppIcon;
				ASSETCATALOG_COMPILER_GLOBAL_ACCENT_COLOR_NAME = AccentColor;
				CODE_SIGN_STYLE = Automatic;
				CURRENT_PROJECT_VERSION = 1;
				DEVELOPMENT_TEAM = QTSJFA7Y7P;
				ENABLE_PREVIEWS = YES;
				GENERATE_INFOPLIST_FILE = YES;
				INFOPLIST_FILE = Scout/Info.plist;
				INFOPLIST_KEY_NSLocationWhenInUseUsageDescription = "Scout uses your location to show nearby players and suggest meet-up spots.";
				INFOPLIST_KEY_UIApplicationSceneManifest_Generation = YES;
				INFOPLIST_KEY_UIApplicationSupportsIndirectInputEvents = YES;
				INFOPLIST_KEY_UILaunchScreen_Generation = YES;
				INFOPLIST_KEY_UISupportedInterfaceOrientations_iPad = "UIInterfaceOrientationPortrait UIInterfaceOrientationPortraitUpsideDown UIInterfaceOrientationLandscapeLeft UIInterfaceOrientationLandscapeRight";
				INFOPLIST_KEY_UISupportedInterfaceOrientations_iPhone = "UIInterfaceOrientationPortrait UIInterfaceOrientationLandscapeLeft UIInterfaceOrientationLandscapeRight";
				LD_RUNPATH_SEARCH_PATHS = (
					"$(inherited)",
					"@executable_path/Frameworks",
				);
				MARKETING_VERSION = 1.0;
				PRODUCT_BUNDLE_IDENTIFIER = RCL.Scout;
				PRODUCT_NAME = "$(TARGET_NAME)";
				STRING_CATALOG_GENERATE_SYMBOLS = YES;
				SWIFT_APPROACHABLE_CONCURRENCY = YES;
				SWIFT_DEFAULT_ACTOR_ISOLATION = MainActor;
				SWIFT_EMIT_LOC_STRINGS = YES;
				SWIFT_STRICT_CONCURRENCY = complete;
				SWIFT_UPCOMING_FEATURE_MEMBER_IMPORT_VISIBILITY = YES;
				SWIFT_VERSION = 6.0;
				TARGETED_DEVICE_FAMILY = "1,2";
			};
			name = Release;
		};
		954A49382F47530800BFAC10 /* Debug */ = {
			isa = XCBuildConfiguration;
			buildSettings = {
				BUNDLE_LOADER = "$(TEST_HOST)";
				CODE_SIGN_STYLE = Automatic;
				CURRENT_PROJECT_VERSION = 1;
				DEVELOPMENT_TEAM = QTSJFA7Y7P;
				GENERATE_INFOPLIST_FILE = YES;
				IPHONEOS_DEPLOYMENT_TARGET = 26.1;
				MARKETING_VERSION = 1.0;
				PRODUCT_BUNDLE_IDENTIFIER = RCL.ScoutTests;
				PRODUCT_NAME = "$(TARGET_NAME)";
				STRING_CATALOG_GENERATE_SYMBOLS = NO;
				SWIFT_APPROACHABLE_CONCURRENCY = YES;
				SWIFT_EMIT_LOC_STRINGS = NO;
				SWIFT_STRICT_CONCURRENCY = complete;
				SWIFT_UPCOMING_FEATURE_MEMBER_IMPORT_VISIBILITY = YES;
				SWIFT_VERSION = 6.0;
				TARGETED_DEVICE_FAMILY = "1,2";
				TEST_HOST = "$(BUILT_PRODUCTS_DIR)/Scout.app/$(BUNDLE_EXECUTABLE_FOLDER_PATH)/Scout";
			};
			name = Debug;
		};
		954A49392F47530800BFAC10 /* Release */ = {
			isa = XCBuildConfiguration;
			buildSettings = {
				BUNDLE_LOADER = "$(TEST_HOST)";
				CODE_SIGN_STYLE = Automatic;
				CURRENT_PROJECT_VERSION = 1;
				DEVELOPMENT_TEAM = QTSJFA7Y7P;
				GENERATE_INFOPLIST_FILE = YES;
				IPHONEOS_DEPLOYMENT_TARGET = 26.1;
				MARKETING_VERSION = 1.0;
				PRODUCT_BUNDLE_IDENTIFIER = RCL.ScoutTests;
				PRODUCT_NAME = "$(TARGET_NAME)";
				STRING_CATALOG_GENERATE_SYMBOLS = NO;
				SWIFT_APPROACHABLE_CONCURRENCY = YES;
				SWIFT_EMIT_LOC_STRINGS = NO;
				SWIFT_STRICT_CONCURRENCY = complete;
				SWIFT_UPCOMING_FEATURE_MEMBER_IMPORT_VISIBILITY = YES;
				SWIFT_VERSION = 6.0;
				TARGETED_DEVICE_FAMILY = "1,2";
				TEST_HOST = "$(BUILT_PRODUCTS_DIR)/Scout.app/$(BUNDLE_EXECUTABLE_FOLDER_PATH)/Scout";
			};
			name = Release;
		};
		954A493B2F47530800BFAC10 /* Debug */ = {
			isa = XCBuildConfiguration;
			buildSettings = {
				CODE_SIGN_STYLE = Automatic;
				CURRENT_PROJECT_VERSION = 1;
				DEVELOPMENT_TEAM = QTSJFA7Y7P;
				GENERATE_INFOPLIST_FILE = YES;
				MARKETING_VERSION = 1.0;
				PRODUCT_BUNDLE_IDENTIFIER = RCL.ScoutUITests;
				PRODUCT_NAME = "$(TARGET_NAME)";
				STRING_CATALOG_GENERATE_SYMBOLS = NO;
				SWIFT_APPROACHABLE_CONCURRENCY = YES;
				SWIFT_EMIT_LOC_STRINGS = NO;
				SWIFT_STRICT_CONCURRENCY = complete;
				SWIFT_UPCOMING_FEATURE_MEMBER_IMPORT_VISIBILITY = YES;
				SWIFT_VERSION = 6.0;
				TARGETED_DEVICE_FAMILY = "1,2";
				TEST_TARGET_NAME = Scout;
			};
			name = Debug;
		};
		954A493C2F47530800BFAC10 /* Release */ = {
			isa = XCBuildConfiguration;
			buildSettings = {
				CODE_SIGN_STYLE = Automatic;
				CURRENT_PROJECT_VERSION = 1;
				DEVELOPMENT_TEAM = QTSJFA7Y7P;
				GENERATE_INFOPLIST_FILE = YES;
				MARKETING_VERSION = 1.0;
				PRODUCT_BUNDLE_IDENTIFIER = RCL.ScoutUITests;
				PRODUCT_NAME = "$(TARGET_NAME)";
				STRING_CATALOG_GENERATE_SYMBOLS = NO;
				SWIFT_APPROACHABLE_CONCURRENCY = YES;
				SWIFT_EMIT_LOC_STRINGS = NO;
				SWIFT_STRICT_CONCURRENCY = complete;
				SWIFT_UPCOMING_FEATURE_MEMBER_IMPORT_VISIBILITY = YES;
				SWIFT_VERSION = 6.0;
				TARGETED_DEVICE_FAMILY = "1,2";
				TEST_TARGET_NAME = Scout;
			};
			name = Release;
		};
/* End XCBuildConfiguration section */

/* Begin XCConfigurationList section */
		954A490E2F47530800BFAC10 /* Build configuration list for PBXProject "Scout" */ = {
			isa = XCConfigurationList;
			buildConfigurations = (
				954A49322F47530800BFAC10 /* Debug */,
				954A49332F47530800BFAC10 /* Release */,
			);
			defaultConfigurationIsVisible = 0;
			defaultConfigurationName = Release;
		};
		954A49342F47530800BFAC10 /* Build configuration list for PBXNativeTarget "Scout" */ = {
			isa = XCConfigurationList;
			buildConfigurations = (
				954A49352F47530800BFAC10 /* Debug */,
				954A49362F47530800BFAC10 /* Release */,
			);
			defaultConfigurationIsVisible = 0;
			defaultConfigurationName = Release;
		};
		954A49372F47530800BFAC10 /* Build configuration list for PBXNativeTarget "ScoutTests" */ = {
			isa = XCConfigurationList;
			buildConfigurations = (
				954A49382F47530800BFAC10 /* Debug */,
				954A49392F47530800BFAC10 /* Release */,
			);
			defaultConfigurationIsVisible = 0;
			defaultConfigurationName = Release;
		};
		954A493A2F47530800BFAC10 /* Build configuration list for PBXNativeTarget "ScoutUITests" */ = {
			isa = XCConfigurationList;
			buildConfigurations = (
				954A493B2F47530800BFAC10 /* Debug */,
				954A493C2F47530800BFAC10 /* Release */,
			);
			defaultConfigurationIsVisible = 0;
			defaultConfigurationName = Release;
		};
/* End XCConfigurationList section */

/* Begin XCRemoteSwiftPackageReference section */
		95141FF92F4E45500046886B /* XCRemoteSwiftPackageReference "supabase-swift" */ = {
			isa = XCRemoteSwiftPackageReference;
			repositoryURL = "https://github.com/supabase/supabase-swift";
			requirement = {
				kind = upToNextMajorVersion;
				minimumVersion = 2.5.1;
			};
		};
/* End XCRemoteSwiftPackageReference section */

/* Begin XCLocalSwiftPackageReference section */
		95C5A59E2F61000100C0D3A1 /* XCLocalSwiftPackageReference "ScoutDesign" */ = {
			isa = XCLocalSwiftPackageReference;
			relativePath = ScoutDesign;
		};
/* End XCLocalSwiftPackageReference section */

/* Begin XCSwiftPackageProductDependency section */
		95141FFA2F4E45500046886B /* Auth */ = {
			isa = XCSwiftPackageProductDependency;
			package = 95141FF92F4E45500046886B /* XCRemoteSwiftPackageReference "supabase-swift" */;
			productName = Auth;
		};
		95141FFC2F4E45500046886B /* Functions */ = {
			isa = XCSwiftPackageProductDependency;
			package = 95141FF92F4E45500046886B /* XCRemoteSwiftPackageReference "supabase-swift" */;
			productName = Functions;
		};
		9580C96B2F4E463B00093095 /* Supabase */ = {
			isa = XCSwiftPackageProductDependency;
			package = 95141FF92F4E45500046886B /* XCRemoteSwiftPackageReference "supabase-swift" */;
			productName = Supabase;
		};
		95C5A59F2F61000100C0D3A1 /* ScoutDesign */ = {
			isa = XCSwiftPackageProductDependency;
			package = 95C5A59E2F61000100C0D3A1 /* XCLocalSwiftPackageReference "ScoutDesign" */;
			productName = ScoutDesign;
		};
/* End XCSwiftPackageProductDependency section */
	};
	rootObject = 954A490B2F47530800BFAC10 /* Project object */;
}
